
Microsoft Visual Studio Solution File, Format Version 12.00
# Visual Studio Version 17
VisualStudioVersion = 17.0.31903.59
MinimumVisualStudioVersion = 10.0.40219.1
Project("{FAE04EC0-301F-11D3-BF4B-00C04F79EFBC}") = "TOTINH", "TOTINH\TOTINH.csproj", "{5CF23ADD-90DE-4E0F-A6B8-53273CDA9FFF}"
EndProject
Global
	GlobalSection(SolutionConfigurationPlatforms) = preSolution
		Debug|Any CPU = Debug|Any CPU
		Release|Any CPU = Release|Any CPU
	EndGlobalSection
	GlobalSection(ProjectConfigurationPlatforms) = postSolution
		{5CF23ADD-90DE-4E0F-A6B8-53273CDA9FFF}.Debug|Any CPU.ActiveCfg = Debug|Any CPU
		{5CF23ADD-90DE-4E0F-A6B8-53273CDA9FFF}.Debug|Any CPU.Build.0 = Debug|Any CPU
		{5CF23ADD-90DE-4E0F-A6B8-53273CDA9FFF}.Release|Any CPU.ActiveCfg = Release|Any CPU
		{5CF23ADD-90DE-4E0F-A6B8-53273CDA9FFF}.Release|Any CPU.Build.0 = Release|Any CPU
	EndGlobalSection
	GlobalSection(SolutionProperties) = preSolution
		HideSolutionNode = FALSE
	EndGlobalSection
	GlobalSection(ExtensibilityGlobals) = postSolution
		SolutionGuid = {888131EA-EB01-4F26-AA1A-7B3C03BA19E6}
	EndGlobalSection
EndGlobal
